
Microsoft Visual Studio Solution File, Format Version 12.00
# Visual Studio Version 17
VisualStudioVersion = 17.2.32616.157
MinimumVisualStudioVersion = 10.0.40219.1
Project("{FAE04EC0-301F-11D3-BF4B-00C04F79EFBC}") = "RevitAddinAcademy_01", "RevitAddinAcademy_01\RevitAddinAcademy_01.csproj", "{D3349D45-0573-472D-BF7A-7CC1598CB84F}"
EndProject
Global
	GlobalSection(SolutionConfigurationPlatforms) = preSolution
		Debug|Any CPU = Debug|Any CPU
		Release|Any CPU = Release|Any CPU
	EndGlobalSection
	GlobalSection(ProjectConfigurationPlatforms) = postSolution
		{D3349D45-0573-472D-BF7A-7CC1598CB84F}.Debug|Any CPU.ActiveCfg = Debug|Any CPU
		{D3349D45-0573-472D-BF7A-7CC1598CB84F}.Debug|Any CPU.Build.0 = Debug|Any CPU
		{D3349D45-0573-472D-BF7A-7CC1598CB84F}.Release|Any CPU.ActiveCfg = Release|Any CPU
		{D3349D45-0573-472D-BF7A-7CC1598CB84F}.Release|Any CPU.Build.0 = Release|Any CPU
	EndGlobalSection
	GlobalSection(SolutionProperties) = preSolution
		HideSolutionNode = FALSE
	EndGlobalSection
	GlobalSection(ExtensibilityGlobals) = postSolution
		SolutionGuid = {4CB57A19-6BC5-4A97-A8BA-3D512A7A662C}
	EndGlobalSection
EndGlobal
